{
  "nodes": {
    "browserPreviews": {
      "inputs": {
        "flake-utils": "flake-utils",
        "nixpkgs": [
          "nixpkgs"
        ],
        "systems": "systems"
      },
      "locked": {
        "lastModified": 1737055512,
        "narHash": "sha256-T8UhnpDulmMaAgZubzk7kCcOJ+CNblCCIbf/H3azq3g=",
        "owner": "r-k-b",
        "repo": "browser-previews",
        "rev": "5a8bb0078d1100e5c5572eefb94431845d9bcc1c",
        "type": "github"
      },
      "original": {
        "owner": "r-k-b",
        "repo": "browser-previews",
        "type": "github"
      }
    },
    "flake-utils": {
      "inputs": {
        "systems": [
          "browserPreviews",
          "systems"
        ]
      },
      "locked": {
        "lastModified": 1731533236,
        "narHash": "sha256-l0KFg5HjrsfsO/JpG+r7fRrqm12kzFHyUHqHCVpMMbI=",
        "owner": "numtide",
        "repo": "flake-utils",
        "rev": "11707dc2f618dd54ca8739b309ec4fc024de578b",
        "type": "github"
      },
      "original": {
        "owner": "numtide",
        "repo": "flake-utils",
        "type": "github"
      }
    },
    "flake-utils_2": {
      "inputs": {
        "systems": "systems_2"
      },
      "locked": {
        "lastModified": 1694529238,
        "narHash": "sha256-zsNZZGTGnMOf9YpHKJqMSsa0dXbfmxeoJ7xHlrt+xmY=",
        "owner": "numtide",
        "repo": "flake-utils",
        "rev": "ff7b65b44d01cf9ba6a71320833626af21126384",
        "type": "github"
      },
      "original": {
        "owner": "numtide",
        "repo": "flake-utils",
        "type": "github"
      }
    },
    "nixarr": {
      "inputs": {
        "nixpkgs": [
          "nixpkgs"
        ],
        "nixpkgs-sonarr": "nixpkgs-sonarr",
        "vpnconfinement": "vpnconfinement"
      },
      "locked": {
        "lastModified": 1737200195,
        "narHash": "sha256-7sd+idpJhzPg4oqH5/eZQCVSX3/7gMzOwAFGhH15YH4=",
        "owner": "rasmus-kirk",
        "repo": "nixarr",
        "rev": "bacae801995e1d86fe677122fb0e16ee23210281",
        "type": "github"
      },
      "original": {
        "owner": "rasmus-kirk",
        "repo": "nixarr",
        "type": "github"
      }
    },
    "nixpkgs": {
      "locked": {
        "lastModified": 1737165118,
        "narHash": "sha256-s40Kk/OulP3J/1JvC3VT16U4r/Xw6Qdi7SRw3LYkPWs=",
        "owner": "NixOS",
        "repo": "nixpkgs",
        "rev": "6a3ae7a5a12fb8cac2d59d7df7cbd95f9b2f0566",
        "type": "github"
      },
      "original": {
        "owner": "NixOS",
        "ref": "nixos-24.11",
        "repo": "nixpkgs",
        "type": "github"
      }
    },
    "nixpkgs-sonarr": {
      "locked": {
        "lastModified": 1732219096,
        "narHash": "sha256-gbvtOPW7K7v4EFo7Feo5s+SI7FMVrCOA5CgnuMhWO/Y=",
        "owner": "nixos",
        "repo": "nixpkgs",
        "rev": "328abff1f7a707dc8da8e802f724f025521793ea",
        "type": "github"
      },
      "original": {
        "owner": "nixos",
        "repo": "nixpkgs",
        "rev": "328abff1f7a707dc8da8e802f724f025521793ea",
        "type": "github"
      }
    },
    "nvimconf": {
      "inputs": {
        "flake-utils": "flake-utils_2",
        "nixpkgs": [
          "nixpkgs"
        ]
      },
      "locked": {
        "lastModified": 1701049837,
        "narHash": "sha256-J2V2nnvg68XlOV3yMMQNVQPew+9nvy6v9h1YpqrwVvk=",
        "owner": "r-k-b",
        "repo": "nvimconf",
        "rev": "b5b5809028500cba811854b024960897b4efea84",
        "type": "github"
      },
      "original": {
        "owner": "r-k-b",
        "repo": "nvimconf",
        "type": "github"
      }
    },
    "root": {
      "inputs": {
        "browserPreviews": "browserPreviews",
        "nixarr": "nixarr",
        "nixpkgs": "nixpkgs",
        "nvimconf": "nvimconf"
      }
    },
    "systems": {
      "locked": {
        "lastModified": 1680978846,
        "narHash": "sha256-Gtqg8b/v49BFDpDetjclCYXm8mAnTrUzR0JnE2nv5aw=",
        "owner": "nix-systems",
        "repo": "x86_64-linux",
        "rev": "2ecfcac5e15790ba6ce360ceccddb15ad16d08a8",
        "type": "github"
      },
      "original": {
        "owner": "nix-systems",
        "repo": "x86_64-linux",
        "type": "github"
      }
    },
    "systems_2": {
      "locked": {
        "lastModified": 1681028828,
        "narHash": "sha256-Vy1rq5AaRuLzOxct8nz4T6wlgyUR7zLU309k9mBC768=",
        "owner": "nix-systems",
        "repo": "default",
        "rev": "da67096a3b9bf56a91d16901293e51ba5b49a27e",
        "type": "github"
      },
      "original": {
        "owner": "nix-systems",
        "repo": "default",
        "type": "github"
      }
    },
    "vpnconfinement": {
      "locked": {
        "lastModified": 1731209328,
        "narHash": "sha256-b3jggBHZh20jUfBxoaIvew23czsw82zBc0aKxtkF3g8=",
        "owner": "Maroka-chan",
        "repo": "VPN-Confinement",
        "rev": "74e6fd47804b5ca69187200efbb14cf1ecb9ea07",
        "type": "github"
      },
      "original": {
        "owner": "Maroka-chan",
        "repo": "VPN-Confinement",
        "type": "github"
      }
    }
  },
  "root": "root",
  "version": 7
}
