{
  "nodes": {
    "browserPreviews": {
      "inputs": {
        "flake-utils": "flake-utils",
        "nixpkgs": [
          "nixpkgs"
        ],
        "systems": "systems"
      },
      "locked": {
        "lastModified": 1752103111,
        "narHash": "sha256-CKUTSXGcPr+dhRc3RxE9tCLzOyC8CF5ASMGgGAsBL3Y=",
        "owner": "r-k-b",
        "repo": "browser-previews",
        "rev": "de22bc0fd0a9a07485b88905ce7dd03f6072f225",
        "type": "github"
      },
      "original": {
        "owner": "r-k-b",
        "repo": "browser-previews",
        "type": "github"
      }
    },
    "flake-utils": {
      "inputs": {
        "systems": [
          "browserPreviews",
          "systems"
        ]
      },
      "locked": {
        "lastModified": 1731533236,
        "narHash": "sha256-l0KFg5HjrsfsO/JpG+r7fRrqm12kzFHyUHqHCVpMMbI=",
        "owner": "numtide",
        "repo": "flake-utils",
        "rev": "11707dc2f618dd54ca8739b309ec4fc024de578b",
        "type": "github"
      },
      "original": {
        "owner": "numtide",
        "repo": "flake-utils",
        "type": "github"
      }
    },
    "flake-utils_2": {
      "inputs": {
        "systems": "systems_2"
      },
      "locked": {
        "lastModified": 1694529238,
        "narHash": "sha256-zsNZZGTGnMOf9YpHKJqMSsa0dXbfmxeoJ7xHlrt+xmY=",
        "owner": "numtide",
        "repo": "flake-utils",
        "rev": "ff7b65b44d01cf9ba6a71320833626af21126384",
        "type": "github"
      },
      "original": {
        "owner": "numtide",
        "repo": "flake-utils",
        "type": "github"
      }
    },
    "nixpkgs": {
      "locked": {
        "lastModified": 1752385071,
        "narHash": "sha256-lj4vD716tbbWtDzGITJGfPPIRU54H5uynlnALJHyhOk=",
        "owner": "NixOS",
        "repo": "nixpkgs",
        "rev": "e2e7b4a2013f5f73eb85956aa28e9655e5d9601a",
        "type": "github"
      },
      "original": {
        "owner": "NixOS",
        "ref": "nixos-unstable-small",
        "repo": "nixpkgs",
        "type": "github"
      }
    },
    "nvimconf": {
      "inputs": {
        "flake-utils": "flake-utils_2",
        "nixpkgs": [
          "nixpkgs"
        ]
      },
      "locked": {
        "lastModified": 1701049837,
        "narHash": "sha256-J2V2nnvg68XlOV3yMMQNVQPew+9nvy6v9h1YpqrwVvk=",
        "owner": "r-k-b",
        "repo": "nvimconf",
        "rev": "b5b5809028500cba811854b024960897b4efea84",
        "type": "github"
      },
      "original": {
        "owner": "r-k-b",
        "repo": "nvimconf",
        "type": "github"
      }
    },
    "root": {
      "inputs": {
        "browserPreviews": "browserPreviews",
        "nixpkgs": "nixpkgs",
        "nvimconf": "nvimconf"
      }
    },
    "systems": {
      "locked": {
        "lastModified": 1680978846,
        "narHash": "sha256-Gtqg8b/v49BFDpDetjclCYXm8mAnTrUzR0JnE2nv5aw=",
        "owner": "nix-systems",
        "repo": "x86_64-linux",
        "rev": "2ecfcac5e15790ba6ce360ceccddb15ad16d08a8",
        "type": "github"
      },
      "original": {
        "owner": "nix-systems",
        "repo": "x86_64-linux",
        "type": "github"
      }
    },
    "systems_2": {
      "locked": {
        "lastModified": 1681028828,
        "narHash": "sha256-Vy1rq5AaRuLzOxct8nz4T6wlgyUR7zLU309k9mBC768=",
        "owner": "nix-systems",
        "repo": "default",
        "rev": "da67096a3b9bf56a91d16901293e51ba5b49a27e",
        "type": "github"
      },
      "original": {
        "owner": "nix-systems",
        "repo": "default",
        "type": "github"
      }
    }
  },
  "root": "root",
  "version": 7
}
